// !$*UTF8*$!
{
	archiveVersion = 1;
	classes = {
	};
	objectVersion = 46;
	objects = {

/* Begin PBXBuildFile section */
		653237511BCF4998008A0024 /* AppDelegate.swift in Sources */ = {isa = PBXBuildFile; fileRef = 653237501BCF4998008A0024 /* AppDelegate.swift */; };
		653237531BCF4998008A0024 /* GameScene.sks in Resources */ = {isa = PBXBuildFile; fileRef = 653237521BCF4998008A0024 /* GameScene.sks */; };
		653237551BCF4998008A0024 /* GameScene.swift in Sources */ = {isa = PBXBuildFile; fileRef = 653237541BCF4998008A0024 /* GameScene.swift */; };
		653237571BCF4998008A0024 /* GameViewController.swift in Sources */ = {isa = PBXBuildFile; fileRef = 653237561BCF4998008A0024 /* GameViewController.swift */; };
		6532375A1BCF4998008A0024 /* Main.storyboard in Resources */ = {isa = PBXBuildFile; fileRef = 653237581BCF4998008A0024 /* Main.storyboard */; };
		6532375C1BCF4999008A0024 /* Images.xcassets in Resources */ = {isa = PBXBuildFile; fileRef = 6532375B1BCF4999008A0024 /* Images.xcassets */; };
		6532375F1BCF4999008A0024 /* LaunchScreen.xib in Resources */ = {isa = PBXBuildFile; fileRef = 6532375D1BCF4999008A0024 /* LaunchScreen.xib */; };
		6532376B1BCF4999008A0024 /* FractionalGraphPlaygroundTests.swift in Sources */ = {isa = PBXBuildFile; fileRef = 6532376A1BCF4999008A0024 /* FractionalGraphPlaygroundTests.swift */; };
/* End PBXBuildFile section */

/* Begin PBXContainerItemProxy section */
		653237651BCF4999008A0024 /* PBXContainerItemProxy */ = {
			isa = PBXContainerItemProxy;
			containerPortal = 653237431BCF4997008A0024 /* Project object */;
			proxyType = 1;
			remoteGlobalIDString = 6532374A1BCF4997008A0024;
			remoteInfo = FractionalGraphPlayground;
		};
/* End PBXContainerItemProxy section */

/* Begin PBXFileReference section */
		6532374B1BCF4997008A0024 /* FractionalGraphPlayground.app */ = {isa = PBXFileReference; explicitFileType = wrapper.application; includeInIndex = 0; path = FractionalGraphPlayground.app; sourceTree = BUILT_PRODUCTS_DIR; };
		6532374F1BCF4998008A0024 /* Info.plist */ = {isa = PBXFileReference; lastKnownFileType = text.plist.xml; path = Info.plist; sourceTree = "<group>"; };
		653237501BCF4998008A0024 /* AppDelegate.swift */ = {isa = PBXFileReference; lastKnownFileType = sourcecode.swift; path = AppDelegate.swift; sourceTree = "<group>"; };
		653237521BCF4998008A0024 /* GameScene.sks */ = {isa = PBXFileReference; lastKnownFileType = file.sks; path = GameScene.sks; sourceTree = "<group>"; };
		653237541BCF4998008A0024 /* GameScene.swift */ = {isa = PBXFileReference; lastKnownFileType = sourcecode.swift; path = GameScene.swift; sourceTree = "<group>"; };
		653237561BCF4998008A0024 /* GameViewController.swift */ = {isa = PBXFileReference; lastKnownFileType = sourcecode.swift; path = GameViewController.swift; sourceTree = "<group>"; };
		653237591BCF4998008A0024 /* Base */ = {isa = PBXFileReference; lastKnownFileType = file.storyboard; name = Base; path = Base.lproj/Main.storyboard; sourceTree = "<group>"; };
		6532375B1BCF4999008A0024 /* Images.xcassets */ = {isa = PBXFileReference; lastKnownFileType = folder.assetcatalog; path = Images.xcassets; sourceTree = "<group>"; };
		6532375E1BCF4999008A0024 /* Base */ = {isa = PBXFileReference; lastKnownFileType = file.xib; name = Base; path = Base.lproj/LaunchScreen.xib; sourceTree = "<group>"; };
		653237641BCF4999008A0024 /* FractionalGraphPlaygroundTests.xctest */ = {isa = PBXFileReference; explicitFileType = wrapper.cfbundle; includeInIndex = 0; path = FractionalGraphPlaygroundTests.xctest; sourceTree = BUILT_PRODUCTS_DIR; };
		653237691BCF4999008A0024 /* Info.plist */ = {isa = PBXFileReference; lastKnownFileType = text.plist.xml; path = Info.plist; sourceTree = "<group>"; };
		6532376A1BCF4999008A0024 /* FractionalGraphPlaygroundTests.swift */ = {isa = PBXFileReference; lastKnownFileType = sourcecode.swift; path = FractionalGraphPlaygroundTests.swift; sourceTree = "<group>"; };
/* End PBXFileReference section */

/* Begin PBXFrameworksBuildPhase section */
		653237481BCF4997008A0024 /* Frameworks */ = {
			isa = PBXFrameworksBuildPhase;
			buildActionMask = 2147483647;
			files = (
			);
			runOnlyForDeploymentPostprocessing = 0;
		};
		653237611BCF4999008A0024 /* Frameworks */ = {
			isa = PBXFrameworksBuildPhase;
			buildActionMask = 2147483647;
			files = (
			);
			runOnlyForDeploymentPostprocessing = 0;
		};
/* End PBXFrameworksBuildPhase section */

/* Begin PBXGroup section */
		653237421BCF4997008A0024 = {
			isa = PBXGroup;
			children = (
				6532374D1BCF4998008A0024 /* FractionalGraphPlayground */,
				653237671BCF4999008A0024 /* FractionalGraphPlaygroundTests */,
				6532374C1BCF4997008A0024 /* Products */,
			);
			sourceTree = "<group>";
		};
		6532374C1BCF4997008A0024 /* Products */ = {
			isa = PBXGroup;
			children = (
				6532374B1BCF4997008A0024 /* FractionalGraphPlayground.app */,
				653237641BCF4999008A0024 /* FractionalGraphPlaygroundTests.xctest */,
			);
			name = Products;
			sourceTree = "<group>";
		};
		6532374D1BCF4998008A0024 /* FractionalGraphPlayground */ = {
			isa = PBXGroup;
			children = (
				653237501BCF4998008A0024 /* AppDelegate.swift */,
				653237521BCF4998008A0024 /* GameScene.sks */,
				653237541BCF4998008A0024 /* GameScene.swift */,
				653237561BCF4998008A0024 /* GameViewController.swift */,
				653237581BCF4998008A0024 /* Main.storyboard */,
				6532375B1BCF4999008A0024 /* Images.xcassets */,
				6532375D1BCF4999008A0024 /* LaunchScreen.xib */,
				6532374E1BCF4998008A0024 /* Supporting Files */,
			);
			path = FractionalGraphPlayground;
			sourceTree = "<group>";
		};
		6532374E1BCF4998008A0024 /* Supporting Files */ = {
			isa = PBXGroup;
			children = (
				6532374F1BCF4998008A0024 /* Info.plist */,
			);
			name = "Supporting Files";
			sourceTree = "<group>";
		};
		653237671BCF4999008A0024 /* FractionalGraphPlaygroundTests */ = {
			isa = PBXGroup;
			children = (
				6532376A1BCF4999008A0024 /* FractionalGraphPlaygroundTests.swift */,
				653237681BCF4999008A0024 /* Supporting Files */,
			);
			path = FractionalGraphPlaygroundTests;
			sourceTree = "<group>";
		};
		653237681BCF4999008A0024 /* Supporting Files */ = {
			isa = PBXGroup;
			children = (
				653237691BCF4999008A0024 /* Info.plist */,
			);
			name = "Supporting Files";
			sourceTree = "<group>";
		};
/* End PBXGroup section */

/* Begin PBXNativeTarget section */
		6532374A1BCF4997008A0024 /* FractionalGraphPlayground */ = {
			isa = PBXNativeTarget;
			buildConfigurationList = 6532376E1BCF4999008A0024 /* Build configuration list for PBXNativeTarget "FractionalGraphPlayground" */;
			buildPhases = (
				653237471BCF4997008A0024 /* Sources */,
				653237481BCF4997008A0024 /* Frameworks */,
				653237491BCF4997008A0024 /* Resources */,
			);
			buildRules = (
			);
			dependencies = (
			);
			name = FractionalGraphPlayground;
			productName = FractionalGraphPlayground;
			productReference = 6532374B1BCF4997008A0024 /* FractionalGraphPlayground.app */;
			productType = "com.apple.product-type.application";
		};
		653237631BCF4999008A0024 /* FractionalGraphPlaygroundTests */ = {
			isa = PBXNativeTarget;
			buildConfigurationList = 653237711BCF4999008A0024 /* Build configuration list for PBXNativeTarget "FractionalGraphPlaygroundTests" */;
			buildPhases = (
				653237601BCF4999008A0024 /* Sources */,
				653237611BCF4999008A0024 /* Frameworks */,
				653237621BCF4999008A0024 /* Resources */,
			);
			buildRules = (
			);
			dependencies = (
				653237661BCF4999008A0024 /* PBXTargetDependency */,
			);
			name = FractionalGraphPlaygroundTests;
			productName = FractionalGraphPlaygroundTests;
			productReference = 653237641BCF4999008A0024 /* FractionalGraphPlaygroundTests.xctest */;
			productType = "com.apple.product-type.bundle.unit-test";
		};
/* End PBXNativeTarget section */

/* Begin PBXProject section */
		653237431BCF4997008A0024 /* Project object */ = {
			isa = PBXProject;
			attributes = {
				LastUpgradeCheck = 0640;
				ORGANIZATIONNAME = SMARTKIT.INFO;
				TargetAttributes = {
					6532374A1BCF4997008A0024 = {
						CreatedOnToolsVersion = 6.4;
					};
					653237631BCF4999008A0024 = {
						CreatedOnToolsVersion = 6.4;
						TestTargetID = 6532374A1BCF4997008A0024;
					};
				};
			};
			buildConfigurationList = 653237461BCF4997008A0024 /* Build configuration list for PBXProject "FractionalGraphPlayground" */;
			compatibilityVersion = "Xcode 3.2";
			developmentRegion = English;
			hasScannedForEncodings = 0;
			knownRegions = (
				en,
				Base,
			);
			mainGroup = 653237421BCF4997008A0024;
			productRefGroup = 6532374C1BCF4997008A0024 /* Products */;
			projectDirPath = "";
			projectRoot = "";
			targets = (
				6532374A1BCF4997008A0024 /* FractionalGraphPlayground */,
				653237631BCF4999008A0024 /* FractionalGraphPlaygroundTests */,
			);
		};
/* End PBXProject section */

/* Begin PBXResourcesBuildPhase section */
		653237491BCF4997008A0024 /* Resources */ = {
			isa = PBXResourcesBuildPhase;
			buildActionMask = 2147483647;
			files = (
				6532375F1BCF4999008A0024 /* LaunchScreen.xib in Resources */,
				6532375C1BCF4999008A0024 /* Images.xcassets in Resources */,
				653237531BCF4998008A0024 /* GameScene.sks in Resources */,
				6532375A1BCF4998008A0024 /* Main.storyboard in Resources */,
			);
			runOnlyForDeploymentPostprocessing = 0;
		};
		653237621BCF4999008A0024 /* Resources */ = {
			isa = PBXResourcesBuildPhase;
			buildActionMask = 2147483647;
			files = (
			);
			runOnlyForDeploymentPostprocessing = 0;
		};
/* End PBXResourcesBuildPhase section */

/* Begin PBXSourcesBuildPhase section */
		653237471BCF4997008A0024 /* Sources */ = {
			isa = PBXSourcesBuildPhase;
			buildActionMask = 2147483647;
			files = (
				653237551BCF4998008A0024 /* GameScene.swift in Sources */,
				653237571BCF4998008A0024 /* GameViewController.swift in Sources */,
				653237511BCF4998008A0024 /* AppDelegate.swift in Sources */,
			);
			runOnlyForDeploymentPostprocessing = 0;
		};
		653237601BCF4999008A0024 /* Sources */ = {
			isa = PBXSourcesBuildPhase;
			buildActionMask = 2147483647;
			files = (
				6532376B1BCF4999008A0024 /* FractionalGraphPlaygroundTests.swift in Sources */,
			);
			runOnlyForDeploymentPostprocessing = 0;
		};
/* End PBXSourcesBuildPhase section */

/* Begin PBXTargetDependency section */
		653237661BCF4999008A0024 /* PBXTargetDependency */ = {
			isa = PBXTargetDependency;
			target = 6532374A1BCF4997008A0024 /* FractionalGraphPlayground */;
			targetProxy = 653237651BCF4999008A0024 /* PBXContainerItemProxy */;
		};
/* End PBXTargetDependency section */

/* Begin PBXVariantGroup section */
		653237581BCF4998008A0024 /* Main.storyboard */ = {
			isa = PBXVariantGroup;
			children = (
				653237591BCF4998008A0024 /* Base */,
			);
			name = Main.storyboard;
			sourceTree = "<group>";
		};
		6532375D1BCF4999008A0024 /* LaunchScreen.xib */ = {
			isa = PBXVariantGroup;
			children = (
				6532375E1BCF4999008A0024 /* Base */,
			);
			name = LaunchScreen.xib;
			sourceTree = "<group>";
		};
/* End PBXVariantGroup section */

/* Begin XCBuildConfiguration section */
		6532376C1BCF4999008A0024 /* Debug */ = {
			isa = XCBuildConfiguration;
			buildSettings = {
				ALWAYS_SEARCH_USER_PATHS = NO;
				CLANG_CXX_LANGUAGE_STANDARD = "gnu++0x";
				CLANG_CXX_LIBRARY = "libc++";
				CLANG_ENABLE_MODULES = YES;
				CLANG_ENABLE_OBJC_ARC = YES;
				CLANG_WARN_BOOL_CONVERSION = YES;
				CLANG_WARN_CONSTANT_CONVERSION = YES;
				CLANG_WARN_DIRECT_OBJC_ISA_USAGE = YES_ERROR;
				CLANG_WARN_EMPTY_BODY = YES;
				CLANG_WARN_ENUM_CONVERSION = YES;
				CLANG_WARN_INT_CONVERSION = YES;
				CLANG_WARN_OBJC_ROOT_CLASS = YES_ERROR;
				CLANG_WARN_UNREACHABLE_CODE = YES;
				CLANG_WARN__DUPLICATE_METHOD_MATCH = YES;
				"CODE_SIGN_IDENTITY[sdk=iphoneos*]" = "iPhone Developer";
				COPY_PHASE_STRIP = NO;
				DEBUG_INFORMATION_FORMAT = "dwarf-with-dsym";
				ENABLE_STRICT_OBJC_MSGSEND = YES;
				GCC_C_LANGUAGE_STANDARD = gnu99;
				GCC_DYNAMIC_NO_PIC = NO;
				GCC_NO_COMMON_BLOCKS = YES;
				GCC_OPTIMIZATION_LEVEL = 0;
				GCC_PREPROCESSOR_DEFINITIONS = (
					"DEBUG=1",
					"$(inherited)",
				);
				GCC_SYMBOLS_PRIVATE_EXTERN = NO;
				GCC_WARN_64_TO_32_BIT_CONVERSION = YES;
				GCC_WARN_ABOUT_RETURN_TYPE = YES_ERROR;
				GCC_WARN_UNDECLARED_SELECTOR = YES;
				GCC_WARN_UNINITIALIZED_AUTOS = YES_AGGRESSIVE;
				GCC_WARN_UNUSED_FUNCTION = YES;
				GCC_WARN_UNUSED_VARIABLE = YES;
				IPHONEOS_DEPLOYMENT_TARGET = 8.4;
				MTL_ENABLE_DEBUG_INFO = YES;
				ONLY_ACTIVE_ARCH = YES;
				SDKROOT = iphoneos;
				SWIFT_OPTIMIZATION_LEVEL = "-Onone";
				TARGETED_DEVICE_FAMILY = "1,2";
			};
			name = Debug;
		};
		6532376D1BCF4999008A0024 /* Release */ = {
			isa = XCBuildConfiguration;
			buildSettings = {
				ALWAYS_SEARCH_USER_PATHS = NO;
				CLANG_CXX_LANGUAGE_STANDARD = "gnu++0x";
				CLANG_CXX_LIBRARY = "libc++";
				CLANG_ENABLE_MODULES = YES;
				CLANG_ENABLE_OBJC_ARC = YES;
				CLANG_WARN_BOOL_CONVERSION = YES;
				CLANG_WARN_CONSTANT_CONVERSION = YES;
				CLANG_WARN_DIRECT_OBJC_ISA_USAGE = YES_ERROR;
				CLANG_WARN_EMPTY_BODY = YES;
				CLANG_WARN_ENUM_CONVERSION = YES;
				CLANG_WARN_INT_CONVERSION = YES;
				CLANG_WARN_OBJC_ROOT_CLASS = YES_ERROR;
				CLANG_WARN_UNREACHABLE_CODE = YES;
				CLANG_WARN__DUPLICATE_METHOD_MATCH = YES;
				"CODE_SIGN_IDENTITY[sdk=iphoneos*]" = "iPhone Developer";
				COPY_PHASE_STRIP = NO;
				DEBUG_INFORMATION_FORMAT = "dwarf-with-dsym";
				ENABLE_NS_ASSERTIONS = NO;
				ENABLE_STRICT_OBJC_MSGSEND = YES;
				GCC_C_LANGUAGE_STANDARD = gnu99;
				GCC_NO_COMMON_BLOCKS = YES;
				GCC_WARN_64_TO_32_BIT_CONVERSION = YES;
				GCC_WARN_ABOUT_RETURN_TYPE = YES_ERROR;
				GCC_WARN_UNDECLARED_SELECTOR = YES;
				GCC_WARN_UNINITIALIZED_AUTOS = YES_AGGRESSIVE;
				GCC_WARN_UNUSED_FUNCTION = YES;
				GCC_WARN_UNUSED_VARIABLE = YES;
				IPHONEOS_DEPLOYMENT_TARGET = 8.4;
				MTL_ENABLE_DEBUG_INFO = NO;
				SDKROOT = iphoneos;
				TARGETED_DEVICE_FAMILY = "1,2";
				VALIDATE_PRODUCT = YES;
			};
			name = Release;
		};
		6532376F1BCF4999008A0024 /* Debug */ = {
			isa = XCBuildConfiguration;
			buildSettings = {
				ASSETCATALOG_COMPILER_APPICON_NAME = AppIcon;
				INFOPLIST_FILE = FractionalGraphPlayground/Info.plist;
				LD_RUNPATH_SEARCH_PATHS = "$(inherited) @executable_path/Frameworks";
				PRODUCT_NAME = "$(TARGET_NAME)";
			};
			name = Debug;
		};
		653237701BCF4999008A0024 /* Release */ = {
			isa = XCBuildConfiguration;
			buildSettings = {
				ASSETCATALOG_COMPILER_APPICON_NAME = AppIcon;
				INFOPLIST_FILE = FractionalGraphPlayground/Info.plist;
				LD_RUNPATH_SEARCH_PATHS = "$(inherited) @executable_path/Frameworks";
				PRODUCT_NAME = "$(TARGET_NAME)";
			};
			name = Release;
		};
		653237721BCF4999008A0024 /* Debug */ = {
			isa = XCBuildConfiguration;
			buildSettings = {
				BUNDLE_LOADER = "$(TEST_HOST)";
				FRAMEWORK_SEARCH_PATHS = (
					"$(SDKROOT)/Developer/Library/Frameworks",
					"$(inherited)",
				);
				GCC_PREPROCESSOR_DEFINITIONS = (
					"DEBUG=1",
					"$(inherited)",
				);
				INFOPLIST_FILE = FractionalGraphPlaygroundTests/Info.plist;
				LD_RUNPATH_SEARCH_PATHS = "$(inherited) @executable_path/Frameworks @loader_path/Frameworks";
				PRODUCT_NAME = "$(TARGET_NAME)";
				TEST_HOST = "$(BUILT_PRODUCTS_DIR)/FractionalGraphPlayground.app/FractionalGraphPlayground";
			};
			name = Debug;
		};
		653237731BCF4999008A0024 /* Release */ = {
			isa = XCBuildConfiguration;
			buildSettings = {
				BUNDLE_LOADER = "$(TEST_HOST)";
				FRAMEWORK_SEARCH_PATHS = (
					"$(SDKROOT)/Developer/Library/Frameworks",
					"$(inherited)",
				);
				INFOPLIST_FILE = FractionalGraphPlaygroundTests/Info.plist;
				LD_RUNPATH_SEARCH_PATHS = "$(inherited) @executable_path/Frameworks @loader_path/Frameworks";
				PRODUCT_NAME = "$(TARGET_NAME)";
				TEST_HOST = "$(BUILT_PRODUCTS_DIR)/FractionalGraphPlayground.app/FractionalGraphPlayground";
			};
			name = Release;
		};
/* End XCBuildConfiguration section */

/* Begin XCConfigurationList section */
		653237461BCF4997008A0024 /* Build configuration list for PBXProject "FractionalGraphPlayground" */ = {
			isa = XCConfigurationList;
			buildConfigurations = (
				6532376C1BCF4999008A0024 /* Debug */,
				6532376D1BCF4999008A0024 /* Release */,
			);
			defaultConfigurationIsVisible = 0;
			defaultConfigurationName = Release;
		};
		6532376E1BCF4999008A0024 /* Build configuration list for PBXNativeTarget "FractionalGraphPlayground" */ = {
			isa = XCConfigurationList;
			buildConfigurations = (
				6532376F1BCF4999008A0024 /* Debug */,
				653237701BCF4999008A0024 /* Release */,
			);
			defaultConfigurationIsVisible = 0;
		};
		653237711BCF4999008A0024 /* Build configuration list for PBXNativeTarget "FractionalGraphPlaygroundTests" */ = {
			isa = XCConfigurationList;
			buildConfigurations = (
				653237721BCF4999008A0024 /* Debug */,
				653237731BCF4999008A0024 /* Release */,
			);
			defaultConfigurationIsVisible = 0;
		};
/* End XCConfigurationList section */
	};
	rootObject = 653237431BCF4997008A0024 /* Project object */;
}
